
Microsoft Visual Studio Solution File, Format Version 12.00
# Visual Studio Version 17
VisualStudioVersion = 17.3.32922.545
MinimumVisualStudioVersion = 10.0.40219.1
Project("{FAE04EC0-301F-11D3-BF4B-00C04F79EFBC}") = "ProjectWPF", "ProjectWPF\ProjectWPF.csproj", "{33FB1F71-0859-4CC7-8089-DB6DD7CDD916}"
EndProject
Global
	GlobalSection(SolutionConfigurationPlatforms) = preSolution
		Debug|Any CPU = Debug|Any CPU
		Release|Any CPU = Release|Any CPU
	EndGlobalSection
	GlobalSection(ProjectConfigurationPlatforms) = postSolution
		{33FB1F71-0859-4CC7-8089-DB6DD7CDD916}.Debug|Any CPU.ActiveCfg = Debug|Any CPU
		{33FB1F71-0859-4CC7-8089-DB6DD7CDD916}.Debug|Any CPU.Build.0 = Debug|Any CPU
		{33FB1F71-0859-4CC7-8089-DB6DD7CDD916}.Release|Any CPU.ActiveCfg = Release|Any CPU
		{33FB1F71-0859-4CC7-8089-DB6DD7CDD916}.Release|Any CPU.Build.0 = Release|Any CPU
	EndGlobalSection
	GlobalSection(SolutionProperties) = preSolution
		HideSolutionNode = FALSE
	EndGlobalSection
	GlobalSection(ExtensibilityGlobals) = postSolution
		SolutionGuid = {3D7B5C84-CB05-4C7E-BD41-0C2F6DC91F74}
	EndGlobalSection
EndGlobal
